{
  "version": 4,
  "terraform_version": "1.3.7",
  "serial": 6,
  "lineage": "6ea0bd10-d4c7-172e-ae6a-fbe4693d1d4b",
  "outputs": {},
  "resources": [
    {
      "mode": "managed",
      "type": "aws_budgets_budget",
      "name": "ec2",
      "provider": "provider[\"registry.terraform.io/hashicorp/aws\"]",
      "instances": [
        {
          "schema_version": 0,
          "attributes": {
            "account_id": "202640511184",
            "arn": "arn:aws:budgets::202640511184:budget/budget-ec2-monthly",
            "auto_adjust_data": [],
            "budget_type": "COST",
            "cost_filter": [],
            "cost_filters": {},
            "cost_types": [
              {
                "include_credit": true,
                "include_discount": true,
                "include_other_subscription": true,
                "include_recurring": true,
                "include_refund": true,
                "include_subscription": true,
                "include_support": true,
                "include_tax": true,
                "include_upfront": true,
                "use_amortized": false,
                "use_blended": false
              }
            ],
            "id": "202640511184:budget-ec2-monthly",
            "limit_amount": "25.0",
            "limit_unit": "USD",
            "name": "budget-ec2-monthly",
            "name_prefix": "",
            "notification": [],
            "planned_limit": [],
            "time_period_end": "2023-06-15_00:00",
            "time_period_start": "2023-04-30_00:00",
            "time_unit": "ANNUALLY"
          },
          "sensitive_attributes": [],
          "private": "bnVsbA=="
        }
      ]
    },
    {
      "mode": "managed",
      "type": "aws_vpc",
      "name": "analytics",
      "provider": "provider[\"registry.terraform.io/hashicorp/aws\"]",
      "instances": [
        {
          "schema_version": 1,
          "attributes": {
            "arn": "arn:aws:ec2:us-east-1:202640511184:vpc/vpc-00b2db00bb9908c59",
            "assign_generated_ipv6_cidr_block": false,
            "cidr_block": "10.0.0.0/16",
            "default_network_acl_id": "acl-014fb8a52bfa0acfb",
            "default_route_table_id": "rtb-0c092a42de518c1ca",
            "default_security_group_id": "sg-0c36611eb5a15526c",
            "dhcp_options_id": "dopt-0a8bedef9c0e80ca9",
            "enable_classiclink": false,
            "enable_classiclink_dns_support": false,
            "enable_dns_hostnames": false,
            "enable_dns_support": true,
            "enable_network_address_usage_metrics": false,
            "id": "vpc-00b2db00bb9908c59",
            "instance_tenancy": "default",
            "ipv4_ipam_pool_id": null,
            "ipv4_netmask_length": null,
            "ipv6_association_id": "",
            "ipv6_cidr_block": "",
            "ipv6_cidr_block_network_border_group": "",
            "ipv6_ipam_pool_id": "",
            "ipv6_netmask_length": 0,
            "main_route_table_id": "rtb-0c092a42de518c1ca",
            "owner_id": "202640511184",
            "tags": {},
            "tags_all": {}
          },
          "sensitive_attributes": [],
          "private": "eyJzY2hlbWFfdmVyc2lvbiI6IjEifQ=="
        }
      ]
    }
  ],
  "check_results": null
}
